Microsoft Visual Studio Solution File, Format Version 12.00
# Visual Studio Version 17
VisualStudioVersion = 17.5.2.0
MinimumVisualStudioVersion = 10.0.40219.1
Project("{FAE04EC0-301F-11D3-BF4B-00C04F79EFBC}") = "CPG.API", "CPG.API\CPG.API.csproj", "{3B4AD3F1-33DC-52A9-A7BF-CB1233D6D86E}"
EndProject
Project("{FAE04EC0-301F-11D3-BF4B-00C04F79EFBC}") = "CPG.Application", "CPG.Application\CPG.Application.csproj", "{4A0B2725-C2CB-562F-7B2E-091EF70AB4BB}"
EndProject
Project("{FAE04EC0-301F-11D3-BF4B-00C04F79EFBC}") = "CPG.Domain", "CPG.Domain\CPG.Domain.csproj", "{0BCF47EC-2440-A383-ED86-62B6768F0FD2}"
EndProject
Project("{FAE04EC0-301F-11D3-BF4B-00C04F79EFBC}") = "CPG.Infrastructure", "CPG.Infrastructure\CPG.Infrastructure.csproj", "{EFAC5F9C-7532-2091-8B55-A2F1DBC52D16}"
EndProject
Project("{FAE04EC0-301F-11D3-BF4B-00C04F79EFBC}") = "CPG.Infrastructure.Authorization", "CPG.Infrastructure.Authorization\CPG.Infrastructure.Authorization.csproj", "{D2715177-5A84-B00D-BBE0-791983AAC91A}"
EndProject
Project("{FAE04EC0-301F-11D3-BF4B-00C04F79EFBC}") = "CPG.Infrastructure.Persistence", "CPG.Infrastructure.Persistence\CPG.Infrastructure.Persistence.csproj", "{2D2A326D-E842-5242-3180-B433A9B2D8C1}"
EndProject
Global
	GlobalSection(SolutionConfigurationPlatforms) = preSolution
		Debug|Any CPU = Debug|Any CPU
		Release|Any CPU = Release|Any CPU
	EndGlobalSection
	GlobalSection(ProjectConfigurationPlatforms) = postSolution
		{3B4AD3F1-33DC-52A9-A7BF-CB1233D6D86E}.Debug|Any CPU.ActiveCfg = Debug|Any CPU
		{3B4AD3F1-33DC-52A9-A7BF-CB1233D6D86E}.Debug|Any CPU.Build.0 = Debug|Any CPU
		{3B4AD3F1-33DC-52A9-A7BF-CB1233D6D86E}.Release|Any CPU.ActiveCfg = Release|Any CPU
		{3B4AD3F1-33DC-52A9-A7BF-CB1233D6D86E}.Release|Any CPU.Build.0 = Release|Any CPU
		{4A0B2725-C2CB-562F-7B2E-091EF70AB4BB}.Debug|Any CPU.ActiveCfg = Debug|Any CPU
		{4A0B2725-C2CB-562F-7B2E-091EF70AB4BB}.Debug|Any CPU.Build.0 = Debug|Any CPU
		{4A0B2725-C2CB-562F-7B2E-091EF70AB4BB}.Release|Any CPU.ActiveCfg = Release|Any CPU
		{4A0B2725-C2CB-562F-7B2E-091EF70AB4BB}.Release|Any CPU.Build.0 = Release|Any CPU
		{0BCF47EC-2440-A383-ED86-62B6768F0FD2}.Debug|Any CPU.ActiveCfg = Debug|Any CPU
		{0BCF47EC-2440-A383-ED86-62B6768F0FD2}.Debug|Any CPU.Build.0 = Debug|Any CPU
		{0BCF47EC-2440-A383-ED86-62B6768F0FD2}.Release|Any CPU.ActiveCfg = Release|Any CPU
		{0BCF47EC-2440-A383-ED86-62B6768F0FD2}.Release|Any CPU.Build.0 = Release|Any CPU
		{EFAC5F9C-7532-2091-8B55-A2F1DBC52D16}.Debug|Any CPU.ActiveCfg = Debug|Any CPU
		{EFAC5F9C-7532-2091-8B55-A2F1DBC52D16}.Debug|Any CPU.Build.0 = Debug|Any CPU
		{EFAC5F9C-7532-2091-8B55-A2F1DBC52D16}.Release|Any CPU.ActiveCfg = Release|Any CPU
		{EFAC5F9C-7532-2091-8B55-A2F1DBC52D16}.Release|Any CPU.Build.0 = Release|Any CPU
		{D2715177-5A84-B00D-BBE0-791983AAC91A}.Debug|Any CPU.ActiveCfg = Debug|Any CPU
		{D2715177-5A84-B00D-BBE0-791983AAC91A}.Debug|Any CPU.Build.0 = Debug|Any CPU
		{D2715177-5A84-B00D-BBE0-791983AAC91A}.Release|Any CPU.ActiveCfg = Release|Any CPU
		{D2715177-5A84-B00D-BBE0-791983AAC91A}.Release|Any CPU.Build.0 = Release|Any CPU
		{2D2A326D-E842-5242-3180-B433A9B2D8C1}.Debug|Any CPU.ActiveCfg = Debug|Any CPU
		{2D2A326D-E842-5242-3180-B433A9B2D8C1}.Debug|Any CPU.Build.0 = Debug|Any CPU
		{2D2A326D-E842-5242-3180-B433A9B2D8C1}.Release|Any CPU.ActiveCfg = Release|Any CPU
		{2D2A326D-E842-5242-3180-B433A9B2D8C1}.Release|Any CPU.Build.0 = Release|Any CPU
	EndGlobalSection
	GlobalSection(SolutionProperties) = preSolution
		HideSolutionNode = FALSE
	EndGlobalSection
	GlobalSection(ExtensibilityGlobals) = postSolution
		SolutionGuid = {39F469F1-C08B-4A20-8D03-00D03BC4AAD1}
	EndGlobalSection
EndGlobal
